<Solution>
  <Folder Name="/src/">
    <Project Path="src/SmooAI.SmoothOperatorAgent.csproj" />
  </Folder>
  <Folder Name="/tests/">
    <Project Path="tests/SmooAI.SmoothOperatorAgent.Tests.csproj" />
  </Folder>
  <Folder Name="/tools/" />
  <Folder Name="/tools/Generator/">
    <Project Path="tools/Generator/SmooAI.SmoothOperatorAgent.Generator.csproj" />
  </Folder>
</Solution>
